// !$*UTF8*$!
{
	archiveVersion = 1;
	classes = {
	};
	objectVersion = 50;
	objects = {

/* Begin PBXBuildFile section */
		783C9BB6246ED0E400713072 /* NodeComponent.swift in Sources */ = {isa = PBXBuildFile; fileRef = 783C9BB5246ED0E400713072 /* NodeComponent.swift */; };
		783C9BB8246ED53C00713072 /* Button.swift in Sources */ = {isa = PBXBuildFile; fileRef = 783C9BB7246ED53C00713072 /* Button.swift */; };
		78BC39A3246F3A2000958D3E /* EndScene.sks in Resources */ = {isa = PBXBuildFile; fileRef = 78BC39A2246F3A2000958D3E /* EndScene.sks */; };
		78BC39A5246F3A4F00958D3E /* EndScene.swift in Sources */ = {isa = PBXBuildFile; fileRef = 78BC39A4246F3A4F00958D3E /* EndScene.swift */; };
		78BC39A7246F469F00958D3E /* PickerAScene.sks in Resources */ = {isa = PBXBuildFile; fileRef = 78BC39A6246F469F00958D3E /* PickerAScene.sks */; };
		78BC39A9246F46DA00958D3E /* PickerAScene.swift in Sources */ = {isa = PBXBuildFile; fileRef = 78BC39A8246F46DA00958D3E /* PickerAScene.swift */; };
		78BC39AB246F49E600958D3E /* SpriteComponent.swift in Sources */ = {isa = PBXBuildFile; fileRef = 78BC39AA246F49E600958D3E /* SpriteComponent.swift */; };
		78BC39AD246F5B6000958D3E /* PickerBScene.sks in Resources */ = {isa = PBXBuildFile; fileRef = 78BC39AC246F5B6000958D3E /* PickerBScene.sks */; };
		78BC39AF246F5B6C00958D3E /* PickerBScene.swift in Sources */ = {isa = PBXBuildFile; fileRef = 78BC39AE246F5B6C00958D3E /* PickerBScene.swift */; };
		78DFDAB8246C5B3A00400F8C /* AppDelegate.swift in Sources */ = {isa = PBXBuildFile; fileRef = 78DFDAB7246C5B3A00400F8C /* AppDelegate.swift */; };
		78DFDABA246C5B3A00400F8C /* StartScene.sks in Resources */ = {isa = PBXBuildFile; fileRef = 78DFDAB9246C5B3A00400F8C /* StartScene.sks */; };
		78DFDABE246C5B3A00400F8C /* StartScene.swift in Sources */ = {isa = PBXBuildFile; fileRef = 78DFDABD246C5B3A00400F8C /* StartScene.swift */; };
		78DFDAC0246C5B3A00400F8C /* GameViewController.swift in Sources */ = {isa = PBXBuildFile; fileRef = 78DFDABF246C5B3A00400F8C /* GameViewController.swift */; };
		78DFDAC3246C5B3A00400F8C /* Main.storyboard in Resources */ = {isa = PBXBuildFile; fileRef = 78DFDAC1246C5B3A00400F8C /* Main.storyboard */; };
		78DFDAC5246C5B3C00400F8C /* Assets.xcassets in Resources */ = {isa = PBXBuildFile; fileRef = 78DFDAC4246C5B3C00400F8C /* Assets.xcassets */; };
		78DFDAC8246C5B3C00400F8C /* LaunchScreen.storyboard in Resources */ = {isa = PBXBuildFile; fileRef = 78DFDAC6246C5B3C00400F8C /* LaunchScreen.storyboard */; };
		78F7822C246ED60100767DCF /* LabelComponent.swift in Sources */ = {isa = PBXBuildFile; fileRef = 78F7822B246ED60100767DCF /* LabelComponent.swift */; };
		78F7822E246ED69E00767DCF /* ShapeComponent.swift in Sources */ = {isa = PBXBuildFile; fileRef = 78F7822D246ED69E00767DCF /* ShapeComponent.swift */; };
		78F78231246EDC8600767DCF /* SF-Pro-Text-Medium.otf in Resources */ = {isa = PBXBuildFile; fileRef = 78F78230246EDC8600767DCF /* SF-Pro-Text-Medium.otf */; };
		78F78233246EE17800767DCF /* GameScene.sks in Resources */ = {isa = PBXBuildFile; fileRef = 78F78232246EE17800767DCF /* GameScene.sks */; };
		78F78235246EE18400767DCF /* GameScene.swift in Sources */ = {isa = PBXBuildFile; fileRef = 78F78234246EE18400767DCF /* GameScene.swift */; };
		78F78237246EE22300767DCF /* Player.swift in Sources */ = {isa = PBXBuildFile; fileRef = 78F78236246EE22300767DCF /* Player.swift */; };
		78F78239246EE27900767DCF /* PhysicsBodyComponent.swift in Sources */ = {isa = PBXBuildFile; fileRef = 78F78238246EE27900767DCF /* PhysicsBodyComponent.swift */; };
		78F7823B246EE93A00767DCF /* Ball.swift in Sources */ = {isa = PBXBuildFile; fileRef = 78F7823A246EE93A00767DCF /* Ball.swift */; };
		78F7823D246F056800767DCF /* Label.swift in Sources */ = {isa = PBXBuildFile; fileRef = 78F7823C246F056800767DCF /* Label.swift */; };
		78F7823F246F05CB00767DCF /* SF-Pro-Display-Ultralight.otf in Resources */ = {isa = PBXBuildFile; fileRef = 78F7823E246F05CB00767DCF /* SF-Pro-Display-Ultralight.otf */; };
		78F78241246F11EF00767DCF /* Hole.swift in Sources */ = {isa = PBXBuildFile; fileRef = 78F78240246F11EF00767DCF /* Hole.swift */; };
		78F78243246F184900767DCF /* Constants.swift in Sources */ = {isa = PBXBuildFile; fileRef = 78F78242246F184900767DCF /* Constants.swift */; };
		BE45811BCF1FB2B9E53A0933 /* Pods_Pongmates.framework in Frameworks */ = {isa = PBXBuildFile; fileRef = 52B4600635ACAB49B253FD9F /* Pods_Pongmates.framework */; };
/* End PBXBuildFile section */

/* Begin PBXFileReference section */
		52B4600635ACAB49B253FD9F /* Pods_Pongmates.framework */ = {isa = PBXFileReference; explicitFileType = wrapper.framework; includeInIndex = 0; path = Pods_Pongmates.framework; sourceTree = BUILT_PRODUCTS_DIR; };
		58DCF2EB9E7AB144E695092A /* Pods-Pongmates.release.xcconfig */ = {isa = PBXFileReference; includeInIndex = 1; lastKnownFileType = text.xcconfig; name = "Pods-Pongmates.release.xcconfig"; path = "Target Support Files/Pods-Pongmates/Pods-Pongmates.release.xcconfig"; sourceTree = "<group>"; };
		783C9BB5246ED0E400713072 /* NodeComponent.swift */ = {isa = PBXFileReference; lastKnownFileType = sourcecode.swift; path = NodeComponent.swift; sourceTree = "<group>"; };
		783C9BB7246ED53C00713072 /* Button.swift */ = {isa = PBXFileReference; lastKnownFileType = sourcecode.swift; path = Button.swift; sourceTree = "<group>"; };
		78BC39A2246F3A2000958D3E /* EndScene.sks */ = {isa = PBXFileReference; lastKnownFileType = file.sks; path = EndScene.sks; sourceTree = "<group>"; };
		78BC39A4246F3A4F00958D3E /* EndScene.swift */ = {isa = PBXFileReference; lastKnownFileType = sourcecode.swift; path = EndScene.swift; sourceTree = "<group>"; };
		78BC39A6246F469F00958D3E /* PickerAScene.sks */ = {isa = PBXFileReference; lastKnownFileType = file.sks; path = PickerAScene.sks; sourceTree = "<group>"; };
		78BC39A8246F46DA00958D3E /* PickerAScene.swift */ = {isa = PBXFileReference; lastKnownFileType = sourcecode.swift; path = PickerAScene.swift; sourceTree = "<group>"; };
		78BC39AA246F49E600958D3E /* SpriteComponent.swift */ = {isa = PBXFileReference; lastKnownFileType = sourcecode.swift; path = SpriteComponent.swift; sourceTree = "<group>"; };
		78BC39AC246F5B6000958D3E /* PickerBScene.sks */ = {isa = PBXFileReference; lastKnownFileType = file.sks; path = PickerBScene.sks; sourceTree = "<group>"; };
		78BC39AE246F5B6C00958D3E /* PickerBScene.swift */ = {isa = PBXFileReference; lastKnownFileType = sourcecode.swift; path = PickerBScene.swift; sourceTree = "<group>"; };
		78DFDAB4246C5B3A00400F8C /* Pongmates.app */ = {isa = PBXFileReference; explicitFileType = wrapper.application; includeInIndex = 0; path = Pongmates.app; sourceTree = BUILT_PRODUCTS_DIR; };
		78DFDAB7246C5B3A00400F8C /* AppDelegate.swift */ = {isa = PBXFileReference; lastKnownFileType = sourcecode.swift; path = AppDelegate.swift; sourceTree = "<group>"; };
		78DFDAB9246C5B3A00400F8C /* StartScene.sks */ = {isa = PBXFileReference; lastKnownFileType = file.sks; path = StartScene.sks; sourceTree = "<group>"; };
		78DFDABD246C5B3A00400F8C /* StartScene.swift */ = {isa = PBXFileReference; lastKnownFileType = sourcecode.swift; path = StartScene.swift; sourceTree = "<group>"; };
		78DFDABF246C5B3A00400F8C /* GameViewController.swift */ = {isa = PBXFileReference; lastKnownFileType = sourcecode.swift; path = GameViewController.swift; sourceTree = "<group>"; };
		78DFDAC2246C5B3A00400F8C /* Base */ = {isa = PBXFileReference; lastKnownFileType = file.storyboard; name = Base; path = Base.lproj/Main.storyboard; sourceTree = "<group>"; };
		78DFDAC4246C5B3C00400F8C /* Assets.xcassets */ = {isa = PBXFileReference; lastKnownFileType = folder.assetcatalog; path = Assets.xcassets; sourceTree = "<group>"; };
		78DFDAC7246C5B3C00400F8C /* Base */ = {isa = PBXFileReference; lastKnownFileType = file.storyboard; name = Base; path = Base.lproj/LaunchScreen.storyboard; sourceTree = "<group>"; };
		78DFDAC9246C5B3C00400F8C /* Info.plist */ = {isa = PBXFileReference; lastKnownFileType = text.plist.xml; path = Info.plist; sourceTree = "<group>"; };
		78F7822B246ED60100767DCF /* LabelComponent.swift */ = {isa = PBXFileReference; lastKnownFileType = sourcecode.swift; path = LabelComponent.swift; sourceTree = "<group>"; };
		78F7822D246ED69E00767DCF /* ShapeComponent.swift */ = {isa = PBXFileReference; lastKnownFileType = sourcecode.swift; path = ShapeComponent.swift; sourceTree = "<group>"; };
		78F78230246EDC8600767DCF /* SF-Pro-Text-Medium.otf */ = {isa = PBXFileReference; lastKnownFileType = file; path = "SF-Pro-Text-Medium.otf"; sourceTree = "<group>"; };
		78F78232246EE17800767DCF /* GameScene.sks */ = {isa = PBXFileReference; lastKnownFileType = file.sks; path = GameScene.sks; sourceTree = "<group>"; };
		78F78234246EE18400767DCF /* GameScene.swift */ = {isa = PBXFileReference; lastKnownFileType = sourcecode.swift; path = GameScene.swift; sourceTree = "<group>"; };
		78F78236246EE22300767DCF /* Player.swift */ = {isa = PBXFileReference; lastKnownFileType = sourcecode.swift; path = Player.swift; sourceTree = "<group>"; };
		78F78238246EE27900767DCF /* PhysicsBodyComponent.swift */ = {isa = PBXFileReference; lastKnownFileType = sourcecode.swift; path = PhysicsBodyComponent.swift; sourceTree = "<group>"; };
		78F7823A246EE93A00767DCF /* Ball.swift */ = {isa = PBXFileReference; lastKnownFileType = sourcecode.swift; path = Ball.swift; sourceTree = "<group>"; };
		78F7823C246F056800767DCF /* Label.swift */ = {isa = PBXFileReference; lastKnownFileType = sourcecode.swift; path = Label.swift; sourceTree = "<group>"; };
		78F7823E246F05CB00767DCF /* SF-Pro-Display-Ultralight.otf */ = {isa = PBXFileReference; lastKnownFileType = file; path = "SF-Pro-Display-Ultralight.otf"; sourceTree = "<group>"; };
		78F78240246F11EF00767DCF /* Hole.swift */ = {isa = PBXFileReference; lastKnownFileType = sourcecode.swift; path = Hole.swift; sourceTree = "<group>"; };
		78F78242246F184900767DCF /* Constants.swift */ = {isa = PBXFileReference; lastKnownFileType = sourcecode.swift; path = Constants.swift; sourceTree = "<group>"; };
		98FA261F8306C92053D21AFD /* Pods-Pongmates.debug.xcconfig */ = {isa = PBXFileReference; includeInIndex = 1; lastKnownFileType = text.xcconfig; name = "Pods-Pongmates.debug.xcconfig"; path = "Target Support Files/Pods-Pongmates/Pods-Pongmates.debug.xcconfig"; sourceTree = "<group>"; };
/* End PBXFileReference section */

/* Begin PBXFrameworksBuildPhase section */
		78DFDAB1246C5B3A00400F8C /* Frameworks */ = {
			isa = PBXFrameworksBuildPhase;
			buildActionMask = 2147483647;
			files = (
				BE45811BCF1FB2B9E53A0933 /* Pods_Pongmates.framework in Frameworks */,
			);
			runOnlyForDeploymentPostprocessing = 0;
		};
/* End PBXFrameworksBuildPhase section */

/* Begin PBXGroup section */
		06198519A0D59A789C2BC51F /* Frameworks */ = {
			isa = PBXGroup;
			children = (
				52B4600635ACAB49B253FD9F /* Pods_Pongmates.framework */,
			);
			name = Frameworks;
			sourceTree = "<group>";
		};
		783C9BB3246ED0C000713072 /* Entities */ = {
			isa = PBXGroup;
			children = (
				783C9BB9246ED54000713072 /* UI */,
				78F78236246EE22300767DCF /* Player.swift */,
				78F7823A246EE93A00767DCF /* Ball.swift */,
				78F78240246F11EF00767DCF /* Hole.swift */,
			);
			path = Entities;
			sourceTree = "<group>";
		};
		783C9BB4246ED0C700713072 /* Components */ = {
			isa = PBXGroup;
			children = (
				783C9BB5246ED0E400713072 /* NodeComponent.swift */,
				78F7822D246ED69E00767DCF /* ShapeComponent.swift */,
				78BC39AA246F49E600958D3E /* SpriteComponent.swift */,
				78F78238246EE27900767DCF /* PhysicsBodyComponent.swift */,
				78F7822B246ED60100767DCF /* LabelComponent.swift */,
			);
			path = Components;
			sourceTree = "<group>";
		};
		783C9BB9246ED54000713072 /* UI */ = {
			isa = PBXGroup;
			children = (
				783C9BB7246ED53C00713072 /* Button.swift */,
				78F7823C246F056800767DCF /* Label.swift */,
			);
			path = UI;
			sourceTree = "<group>";
		};
		78DFDAAB246C5B3900400F8C = {
			isa = PBXGroup;
			children = (
				78DFDAB6246C5B3A00400F8C /* Pongmates */,
				78DFDAB5246C5B3A00400F8C /* Products */,
				BCEB0B19A9D920F73D6B204A /* Pods */,
				06198519A0D59A789C2BC51F /* Frameworks */,
			);
			sourceTree = "<group>";
		};
		78DFDAB5246C5B3A00400F8C /* Products */ = {
			isa = PBXGroup;
			children = (
				78DFDAB4246C5B3A00400F8C /* Pongmates.app */,
			);
			name = Products;
			sourceTree = "<group>";
		};
		78DFDAB6246C5B3A00400F8C /* Pongmates */ = {
			isa = PBXGroup;
			children = (
				78DFDACF246C5C6400400F8C /* Nodes */,
				78DFDAD0246C5C6800400F8C /* Scenes */,
				78DFDAD1246C5C7300400F8C /* Controllers */,
				78DFDAD2246C5C7E00400F8C /* Utilities */,
				78DFDAD4246C5C9F00400F8C /* Extensions */,
				78DFDAD3246C5C9400400F8C /* Supporting Files */,
			);
			path = Pongmates;
			sourceTree = "<group>";
		};
		78DFDACF246C5C6400400F8C /* Nodes */ = {
			isa = PBXGroup;
			children = (
				783C9BB4246ED0C700713072 /* Components */,
				783C9BB3246ED0C000713072 /* Entities */,
			);
			path = Nodes;
			sourceTree = "<group>";
		};
		78DFDAD0246C5C6800400F8C /* Scenes */ = {
			isa = PBXGroup;
			children = (
				78DFDAB9246C5B3A00400F8C /* StartScene.sks */,
				78DFDABD246C5B3A00400F8C /* StartScene.swift */,
				78BC39A6246F469F00958D3E /* PickerAScene.sks */,
				78BC39A8246F46DA00958D3E /* PickerAScene.swift */,
				78BC39AC246F5B6000958D3E /* PickerBScene.sks */,
				78BC39AE246F5B6C00958D3E /* PickerBScene.swift */,
				78F78232246EE17800767DCF /* GameScene.sks */,
				78F78234246EE18400767DCF /* GameScene.swift */,
				78BC39A2246F3A2000958D3E /* EndScene.sks */,
				78BC39A4246F3A4F00958D3E /* EndScene.swift */,
			);
			path = Scenes;
			sourceTree = "<group>";
		};
		78DFDAD1246C5C7300400F8C /* Controllers */ = {
			isa = PBXGroup;
			children = (
				78DFDAB7246C5B3A00400F8C /* AppDelegate.swift */,
				78DFDABF246C5B3A00400F8C /* GameViewController.swift */,
			);
			path = Controllers;
			sourceTree = "<group>";
		};
		78DFDAD2246C5C7E00400F8C /* Utilities */ = {
			isa = PBXGroup;
			children = (
				78F78242246F184900767DCF /* Constants.swift */,
			);
			path = Utilities;
			sourceTree = "<group>";
		};
		78DFDAD3246C5C9400400F8C /* Supporting Files */ = {
			isa = PBXGroup;
			children = (
				78F7822F246EDC5C00767DCF /* Fonts */,
				78DFDAC1246C5B3A00400F8C /* Main.storyboard */,
				78DFDAC4246C5B3C00400F8C /* Assets.xcassets */,
				78DFDAC6246C5B3C00400F8C /* LaunchScreen.storyboard */,
				78DFDAC9246C5B3C00400F8C /* Info.plist */,
			);
			path = "Supporting Files";
			sourceTree = "<group>";
		};
		78DFDAD4246C5C9F00400F8C /* Extensions */ = {
			isa = PBXGroup;
			children = (
			);
			path = Extensions;
			sourceTree = "<group>";
		};
		78F7822F246EDC5C00767DCF /* Fonts */ = {
			isa = PBXGroup;
			children = (
				78F78230246EDC8600767DCF /* SF-Pro-Text-Medium.otf */,
				78F7823E246F05CB00767DCF /* SF-Pro-Display-Ultralight.otf */,
			);
			path = Fonts;
			sourceTree = "<group>";
		};
		BCEB0B19A9D920F73D6B204A /* Pods */ = {
			isa = PBXGroup;
			children = (
				98FA261F8306C92053D21AFD /* Pods-Pongmates.debug.xcconfig */,
				58DCF2EB9E7AB144E695092A /* Pods-Pongmates.release.xcconfig */,
			);
			name = Pods;
			path = Pods;
			sourceTree = "<group>";
		};
/* End PBXGroup section */

/* Begin PBXNativeTarget section */
		78DFDAB3246C5B3A00400F8C /* Pongmates */ = {
			isa = PBXNativeTarget;
			buildConfigurationList = 78DFDACC246C5B3C00400F8C /* Build configuration list for PBXNativeTarget "Pongmates" */;
			buildPhases = (
				660B0722A0BAD48FD9FAF3AA /* [CP] Check Pods Manifest.lock */,
				78DFDAB0246C5B3A00400F8C /* Sources */,
				78DFDAB1246C5B3A00400F8C /* Frameworks */,
				78DFDAB2246C5B3A00400F8C /* Resources */,
				E7C678CEEA02FE62DF2137C0 /* [CP] Embed Pods Frameworks */,
			);
			buildRules = (
			);
			dependencies = (
			);
			name = Pongmates;
			productName = Pongmates;
			productReference = 78DFDAB4246C5B3A00400F8C /* Pongmates.app */;
			productType = "com.apple.product-type.application";
		};
/* End PBXNativeTarget section */

/* Begin PBXProject section */
		78DFDAAC246C5B3900400F8C /* Project object */ = {
			isa = PBXProject;
			attributes = {
				LastSwiftUpdateCheck = 1140;
				LastUpgradeCheck = 1140;
				ORGANIZATIONNAME = "Vladislav Kulikov";
				TargetAttributes = {
					78DFDAB3246C5B3A00400F8C = {
						CreatedOnToolsVersion = 11.4;
					};
				};
			};
			buildConfigurationList = 78DFDAAF246C5B3900400F8C /* Build configuration list for PBXProject "Pongmates" */;
			compatibilityVersion = "Xcode 9.3";
			developmentRegion = en;
			hasScannedForEncodings = 0;
			knownRegions = (
				en,
				Base,
			);
			mainGroup = 78DFDAAB246C5B3900400F8C;
			productRefGroup = 78DFDAB5246C5B3A00400F8C /* Products */;
			projectDirPath = "";
			projectRoot = "";
			targets = (
				78DFDAB3246C5B3A00400F8C /* Pongmates */,
			);
		};
/* End PBXProject section */

/* Begin PBXResourcesBuildPhase section */
		78DFDAB2246C5B3A00400F8C /* Resources */ = {
			isa = PBXResourcesBuildPhase;
			buildActionMask = 2147483647;
			files = (
				78BC39A3246F3A2000958D3E /* EndScene.sks in Resources */,
				78DFDAC3246C5B3A00400F8C /* Main.storyboard in Resources */,
				78DFDABA246C5B3A00400F8C /* StartScene.sks in Resources */,
				78BC39AD246F5B6000958D3E /* PickerBScene.sks in Resources */,
				78F7823F246F05CB00767DCF /* SF-Pro-Display-Ultralight.otf in Resources */,
				78DFDAC5246C5B3C00400F8C /* Assets.xcassets in Resources */,
				78F78233246EE17800767DCF /* GameScene.sks in Resources */,
				78F78231246EDC8600767DCF /* SF-Pro-Text-Medium.otf in Resources */,
				78BC39A7246F469F00958D3E /* PickerAScene.sks in Resources */,
				78DFDAC8246C5B3C00400F8C /* LaunchScreen.storyboard in Resources */,
			);
			runOnlyForDeploymentPostprocessing = 0;
		};
/* End PBXResourcesBuildPhase section */

/* Begin PBXShellScriptBuildPhase section */
		660B0722A0BAD48FD9FAF3AA /* [CP] Check Pods Manifest.lock */ = {
			isa = PBXShellScriptBuildPhase;
			buildActionMask = 2147483647;
			files = (
			);
			inputFileListPaths = (
			);
			inputPaths = (
				"${PODS_PODFILE_DIR_PATH}/Podfile.lock",
				"${PODS_ROOT}/Manifest.lock",
			);
			name = "[CP] Check Pods Manifest.lock";
			outputFileListPaths = (
			);
			outputPaths = (
				"$(DERIVED_FILE_DIR)/Pods-Pongmates-checkManifestLockResult.txt",
			);
			runOnlyForDeploymentPostprocessing = 0;
			shellPath = /bin/sh;
			shellScript = "diff \"${PODS_PODFILE_DIR_PATH}/Podfile.lock\" \"${PODS_ROOT}/Manifest.lock\" > /dev/null\nif [ $? != 0 ] ; then\n    # print error to STDERR\n    echo \"error: The sandbox is not in sync with the Podfile.lock. Run 'pod install' or update your CocoaPods installation.\" >&2\n    exit 1\nfi\n# This output is used by Xcode 'outputs' to avoid re-running this script phase.\necho \"SUCCESS\" > \"${SCRIPT_OUTPUT_FILE_0}\"\n";
			showEnvVarsInLog = 0;
		};
		E7C678CEEA02FE62DF2137C0 /* [CP] Embed Pods Frameworks */ = {
			isa = PBXShellScriptBuildPhase;
			buildActionMask = 2147483647;
			files = (
			);
			inputFileListPaths = (
				"${PODS_ROOT}/Target Support Files/Pods-Pongmates/Pods-Pongmates-frameworks-${CONFIGURATION}-input-files.xcfilelist",
			);
			name = "[CP] Embed Pods Frameworks";
			outputFileListPaths = (
				"${PODS_ROOT}/Target Support Files/Pods-Pongmates/Pods-Pongmates-frameworks-${CONFIGURATION}-output-files.xcfilelist",
			);
			runOnlyForDeploymentPostprocessing = 0;
			shellPath = /bin/sh;
			shellScript = "\"${PODS_ROOT}/Target Support Files/Pods-Pongmates/Pods-Pongmates-frameworks.sh\"\n";
			showEnvVarsInLog = 0;
		};
/* End PBXShellScriptBuildPhase section */

/* Begin PBXSourcesBuildPhase section */
		78DFDAB0246C5B3A00400F8C /* Sources */ = {
			isa = PBXSourcesBuildPhase;
			buildActionMask = 2147483647;
			files = (
				78F7823B246EE93A00767DCF /* Ball.swift in Sources */,
				78F78237246EE22300767DCF /* Player.swift in Sources */,
				78F7823D246F056800767DCF /* Label.swift in Sources */,
				78F78243246F184900767DCF /* Constants.swift in Sources */,
				783C9BB8246ED53C00713072 /* Button.swift in Sources */,
				78DFDABE246C5B3A00400F8C /* StartScene.swift in Sources */,
				78F78241246F11EF00767DCF /* Hole.swift in Sources */,
				78F7822C246ED60100767DCF /* LabelComponent.swift in Sources */,
				78DFDAC0246C5B3A00400F8C /* GameViewController.swift in Sources */,
				78BC39AB246F49E600958D3E /* SpriteComponent.swift in Sources */,
				78BC39A5246F3A4F00958D3E /* EndScene.swift in Sources */,
				78BC39AF246F5B6C00958D3E /* PickerBScene.swift in Sources */,
				78BC39A9246F46DA00958D3E /* PickerAScene.swift in Sources */,
				78F78239246EE27900767DCF /* PhysicsBodyComponent.swift in Sources */,
				78F7822E246ED69E00767DCF /* ShapeComponent.swift in Sources */,
				78DFDAB8246C5B3A00400F8C /* AppDelegate.swift in Sources */,
				783C9BB6246ED0E400713072 /* NodeComponent.swift in Sources */,
				78F78235246EE18400767DCF /* GameScene.swift in Sources */,
			);
			runOnlyForDeploymentPostprocessing = 0;
		};
/* End PBXSourcesBuildPhase section */

/* Begin PBXVariantGroup section */
		78DFDAC1246C5B3A00400F8C /* Main.storyboard */ = {
			isa = PBXVariantGroup;
			children = (
				78DFDAC2246C5B3A00400F8C /* Base */,
			);
			name = Main.storyboard;
			sourceTree = "<group>";
		};
		78DFDAC6246C5B3C00400F8C /* LaunchScreen.storyboard */ = {
			isa = PBXVariantGroup;
			children = (
				78DFDAC7246C5B3C00400F8C /* Base */,
			);
			name = LaunchScreen.storyboard;
			sourceTree = "<group>";
		};
/* End PBXVariantGroup section */

/* Begin XCBuildConfiguration section */
		78DFDACA246C5B3C00400F8C /* Debug */ = {
			isa = XCBuildConfiguration;
			buildSettings = {
				ALWAYS_SEARCH_USER_PATHS = NO;
				CLANG_ANALYZER_NONNULL = YES;
				CLANG_ANALYZER_NUMBER_OBJECT_CONVERSION = YES_AGGRESSIVE;
				CLANG_CXX_LANGUAGE_STANDARD = "gnu++14";
				CLANG_CXX_LIBRARY = "libc++";
				CLANG_ENABLE_MODULES = YES;
				CLANG_ENABLE_OBJC_ARC = YES;
				CLANG_ENABLE_OBJC_WEAK = YES;
				CLANG_WARN_BLOCK_CAPTURE_AUTORELEASING = YES;
				CLANG_WARN_BOOL_CONVERSION = YES;
				CLANG_WARN_COMMA = YES;
				CLANG_WARN_CONSTANT_CONVERSION = YES;
				CLANG_WARN_DEPRECATED_OBJC_IMPLEMENTATIONS = YES;
				CLANG_WARN_DIRECT_OBJC_ISA_USAGE = YES_ERROR;
				CLANG_WARN_DOCUMENTATION_COMMENTS = YES;
				CLANG_WARN_EMPTY_BODY = YES;
				CLANG_WARN_ENUM_CONVERSION = YES;
				CLANG_WARN_INFINITE_RECURSION = YES;
				CLANG_WARN_INT_CONVERSION = YES;
				CLANG_WARN_NON_LITERAL_NULL_CONVERSION = YES;
				CLANG_WARN_OBJC_IMPLICIT_RETAIN_SELF = YES;
				CLANG_WARN_OBJC_LITERAL_CONVERSION = YES;
				CLANG_WARN_OBJC_ROOT_CLASS = YES_ERROR;
				CLANG_WARN_RANGE_LOOP_ANALYSIS = YES;
				CLANG_WARN_STRICT_PROTOTYPES = YES;
				CLANG_WARN_SUSPICIOUS_MOVE = YES;
				CLANG_WARN_UNGUARDED_AVAILABILITY = YES_AGGRESSIVE;
				CLANG_WARN_UNREACHABLE_CODE = YES;
				CLANG_WARN__DUPLICATE_METHOD_MATCH = YES;
				COPY_PHASE_STRIP = NO;
				DEBUG_INFORMATION_FORMAT = dwarf;
				ENABLE_STRICT_OBJC_MSGSEND = YES;
				ENABLE_TESTABILITY = YES;
				GCC_C_LANGUAGE_STANDARD = gnu11;
				GCC_DYNAMIC_NO_PIC = NO;
				GCC_NO_COMMON_BLOCKS = YES;
				GCC_OPTIMIZATION_LEVEL = 0;
				GCC_PREPROCESSOR_DEFINITIONS = (
					"DEBUG=1",
					"$(inherited)",
				);
				GCC_WARN_64_TO_32_BIT_CONVERSION = YES;
				GCC_WARN_ABOUT_RETURN_TYPE = YES_ERROR;
				GCC_WARN_UNDECLARED_SELECTOR = YES;
				GCC_WARN_UNINITIALIZED_AUTOS = YES_AGGRESSIVE;
				GCC_WARN_UNUSED_FUNCTION = YES;
				GCC_WARN_UNUSED_VARIABLE = YES;
				IPHONEOS_DEPLOYMENT_TARGET = 13.4;
				MTL_ENABLE_DEBUG_INFO = INCLUDE_SOURCE;
				MTL_FAST_MATH = YES;
				ONLY_ACTIVE_ARCH = YES;
				SDKROOT = iphoneos;
				SWIFT_ACTIVE_COMPILATION_CONDITIONS = DEBUG;
				SWIFT_OPTIMIZATION_LEVEL = "-Onone";
			};
			name = Debug;
		};
		78DFDACB246C5B3C00400F8C /* Release */ = {
			isa = XCBuildConfiguration;
			buildSettings = {
				ALWAYS_SEARCH_USER_PATHS = NO;
				CLANG_ANALYZER_NONNULL = YES;
				CLANG_ANALYZER_NUMBER_OBJECT_CONVERSION = YES_AGGRESSIVE;
				CLANG_CXX_LANGUAGE_STANDARD = "gnu++14";
				CLANG_CXX_LIBRARY = "libc++";
				CLANG_ENABLE_MODULES = YES;
				CLANG_ENABLE_OBJC_ARC = YES;
				CLANG_ENABLE_OBJC_WEAK = YES;
				CLANG_WARN_BLOCK_CAPTURE_AUTORELEASING = YES;
				CLANG_WARN_BOOL_CONVERSION = YES;
				CLANG_WARN_COMMA = YES;
				CLANG_WARN_CONSTANT_CONVERSION = YES;
				CLANG_WARN_DEPRECATED_OBJC_IMPLEMENTATIONS = YES;
				CLANG_WARN_DIRECT_OBJC_ISA_USAGE = YES_ERROR;
				CLANG_WARN_DOCUMENTATION_COMMENTS = YES;
				CLANG_WARN_EMPTY_BODY = YES;
				CLANG_WARN_ENUM_CONVERSION = YES;
				CLANG_WARN_INFINITE_RECURSION = YES;
				CLANG_WARN_INT_CONVERSION = YES;
				CLANG_WARN_NON_LITERAL_NULL_CONVERSION = YES;
				CLANG_WARN_OBJC_IMPLICIT_RETAIN_SELF = YES;
				CLANG_WARN_OBJC_LITERAL_CONVERSION = YES;
				CLANG_WARN_OBJC_ROOT_CLASS = YES_ERROR;
				CLANG_WARN_RANGE_LOOP_ANALYSIS = YES;
				CLANG_WARN_STRICT_PROTOTYPES = YES;
				CLANG_WARN_SUSPICIOUS_MOVE = YES;
				CLANG_WARN_UNGUARDED_AVAILABILITY = YES_AGGRESSIVE;
				CLANG_WARN_UNREACHABLE_CODE = YES;
				CLANG_WARN__DUPLICATE_METHOD_MATCH = YES;
				COPY_PHASE_STRIP = NO;
				DEBUG_INFORMATION_FORMAT = "dwarf-with-dsym";
				ENABLE_NS_ASSERTIONS = NO;
				ENABLE_STRICT_OBJC_MSGSEND = YES;
				GCC_C_LANGUAGE_STANDARD = gnu11;
				GCC_NO_COMMON_BLOCKS = YES;
				GCC_WARN_64_TO_32_BIT_CONVERSION = YES;
				GCC_WARN_ABOUT_RETURN_TYPE = YES_ERROR;
				GCC_WARN_UNDECLARED_SELECTOR = YES;
				GCC_WARN_UNINITIALIZED_AUTOS = YES_AGGRESSIVE;
				GCC_WARN_UNUSED_FUNCTION = YES;
				GCC_WARN_UNUSED_VARIABLE = YES;
				IPHONEOS_DEPLOYMENT_TARGET = 13.4;
				MTL_ENABLE_DEBUG_INFO = NO;
				MTL_FAST_MATH = YES;
				SDKROOT = iphoneos;
				SWIFT_COMPILATION_MODE = wholemodule;
				SWIFT_OPTIMIZATION_LEVEL = "-O";
				VALIDATE_PRODUCT = YES;
			};
			name = Release;
		};
		78DFDACD246C5B3C00400F8C /* Debug */ = {
			isa = XCBuildConfiguration;
			baseConfigurationReference = 98FA261F8306C92053D21AFD /* Pods-Pongmates.debug.xcconfig */;
			buildSettings = {
				ASSETCATALOG_COMPILER_APPICON_NAME = AppIcon;
				CODE_SIGN_STYLE = Automatic;
				DEVELOPMENT_TEAM = 5A2X6KMTCZ;
				INFOPLIST_FILE = "$(SRCROOT)/Pongmates/Supporting Files/Info.plist";
				IPHONEOS_DEPLOYMENT_TARGET = 11.0;
				LD_RUNPATH_SEARCH_PATHS = (
					"$(inherited)",
					"@executable_path/Frameworks",
				);
				MARKETING_VERSION = 2.0;
				PRODUCT_BUNDLE_IDENTIFIER = ru.1nd3e.Pongmates;
				PRODUCT_NAME = "$(TARGET_NAME)";
				SWIFT_VERSION = 5.0;
				TARGETED_DEVICE_FAMILY = "1,2";
			};
			name = Debug;
		};
		78DFDACE246C5B3C00400F8C /* Release */ = {
			isa = XCBuildConfiguration;
			baseConfigurationReference = 58DCF2EB9E7AB144E695092A /* Pods-Pongmates.release.xcconfig */;
			buildSettings = {
				ASSETCATALOG_COMPILER_APPICON_NAME = AppIcon;
				CODE_SIGN_STYLE = Automatic;
				DEVELOPMENT_TEAM = 5A2X6KMTCZ;
				INFOPLIST_FILE = "$(SRCROOT)/Pongmates/Supporting Files/Info.plist";
				IPHONEOS_DEPLOYMENT_TARGET = 11.0;
				LD_RUNPATH_SEARCH_PATHS = (
					"$(inherited)",
					"@executable_path/Frameworks",
				);
				MARKETING_VERSION = 2.0;
				PRODUCT_BUNDLE_IDENTIFIER = ru.1nd3e.Pongmates;
				PRODUCT_NAME = "$(TARGET_NAME)";
				SWIFT_VERSION = 5.0;
				TARGETED_DEVICE_FAMILY = "1,2";
			};
			name = Release;
		};
/* End XCBuildConfiguration section */

/* Begin XCConfigurationList section */
		78DFDAAF246C5B3900400F8C /* Build configuration list for PBXProject "Pongmates" */ = {
			isa = XCConfigurationList;
			buildConfigurations = (
				78DFDACA246C5B3C00400F8C /* Debug */,
				78DFDACB246C5B3C00400F8C /* Release */,
			);
			defaultConfigurationIsVisible = 0;
			defaultConfigurationName = Release;
		};
		78DFDACC246C5B3C00400F8C /* Build configuration list for PBXNativeTarget "Pongmates" */ = {
			isa = XCConfigurationList;
			buildConfigurations = (
				78DFDACD246C5B3C00400F8C /* Debug */,
				78DFDACE246C5B3C00400F8C /* Release */,
			);
			defaultConfigurationIsVisible = 0;
			defaultConfigurationName = Release;
		};
/* End XCConfigurationList section */
	};
	rootObject = 78DFDAAC246C5B3900400F8C /* Project object */;
}
